{
  "name": "@czh-cli-dev/init",
  "version": "1.0.0",
  "lockfileVersion": 2,
  "requires": true,
  "packages": {
    "": {
      "name": "@czh-cli-dev/init",
      "version": "1.0.0",
      "license": "ISC",
      "dependencies": {
        "@czh-cli-dev/command": "file:../../models/command"
      }
    },
    "../../models/command": {
      "name": "@czh-cli-dev/command",
      "version": "1.0.0",
      "license": "ISC"
    },
    "node_modules/@czh-cli-dev/command": {
      "resolved": "../../models/command",
      "link": true
    }
  },
  "dependencies": {
    "@czh-cli-dev/command": {
      "version": "file:../../models/command"
    }
  }
}
